
Microsoft Visual Studio Solution File, Format Version 12.00
# Visual Studio 15
VisualStudioVersion = 15.0.28307.1062
MinimumVisualStudioVersion = 10.0.40219.1
Project("{FAE04EC0-301F-11D3-BF4B-00C04F79EFBC}") = "AspNetCore21WebApp", "AspNetCore21WebApp\AspNetCore21WebApp.csproj", "{F6E10F2F-14B6-48F1-86D6-FF7697224A3A}"
EndProject
Global
	GlobalSection(SolutionConfigurationPlatforms) = preSolution
		Debug|Any CPU = Debug|Any CPU
		Release|Any CPU = Release|Any CPU
	EndGlobalSection
	GlobalSection(ProjectConfigurationPlatforms) = postSolution
		{F6E10F2F-14B6-48F1-86D6-FF7697224A3A}.Debug|Any CPU.ActiveCfg = Debug|Any CPU
		{F6E10F2F-14B6-48F1-86D6-FF7697224A3A}.Debug|Any CPU.Build.0 = Debug|Any CPU
		{F6E10F2F-14B6-48F1-86D6-FF7697224A3A}.Release|Any CPU.ActiveCfg = Release|Any CPU
		{F6E10F2F-14B6-48F1-86D6-FF7697224A3A}.Release|Any CPU.Build.0 = Release|Any CPU
	EndGlobalSection
	GlobalSection(SolutionProperties) = preSolution
		HideSolutionNode = FALSE
	EndGlobalSection
	GlobalSection(ExtensibilityGlobals) = postSolution
		SolutionGuid = {053FEB91-1B25-4F2F-B121-CEDE3A387694}
	EndGlobalSection
EndGlobal
